
Microsoft Visual Studio Solution File, Format Version 12.00
# Visual Studio Version 16
VisualStudioVersion = 16.0.29613.14
MinimumVisualStudioVersion = 10.0.40219.1
Project("{FAE04EC0-301F-11D3-BF4B-00C04F79EFBC}") = "TSG ModLoader", "DLLLoader\TSG ModLoader.csproj", "{A746D1F7-9EDC-4882-872A-36C9D7301586}"
EndProject
Global
	GlobalSection(SolutionConfigurationPlatforms) = preSolution
		Debug|Any CPU = Debug|Any CPU
		Release|Any CPU = Release|Any CPU
	EndGlobalSection
	GlobalSection(ProjectConfigurationPlatforms) = postSolution
		{A746D1F7-9EDC-4882-872A-36C9D7301586}.Debug|Any CPU.ActiveCfg = Debug|Any CPU
		{A746D1F7-9EDC-4882-872A-36C9D7301586}.Debug|Any CPU.Build.0 = Debug|Any CPU
		{A746D1F7-9EDC-4882-872A-36C9D7301586}.Release|Any CPU.ActiveCfg = Release|Any CPU
		{A746D1F7-9EDC-4882-872A-36C9D7301586}.Release|Any CPU.Build.0 = Release|Any CPU
	EndGlobalSection
	GlobalSection(SolutionProperties) = preSolution
		HideSolutionNode = FALSE
	EndGlobalSection
	GlobalSection(ExtensibilityGlobals) = postSolution
		SolutionGuid = {F1CE5FA7-A730-4DF9-8F5F-3F86FEF42711}
	EndGlobalSection
EndGlobal
